
Microsoft Visual Studio Solution File, Format Version 12.00
# Visual Studio Version 17
VisualStudioVersion = 17.2.32602.215
MinimumVisualStudioVersion = 10.0.40219.1
Project("{8BC9CEB8-8B4A-11D0-8D11-00A0C91BC942}") = "BinaryTreePractice", "BinaryTreePractice.vcxproj", "{B441207A-FAB1-4C0B-A2FF-5DF1E36A5A65}"
EndProject
Global
	GlobalSection(SolutionConfigurationPlatforms) = preSolution
		Debug|x64 = Debug|x64
		Debug|x86 = Debug|x86
		Release|x64 = Release|x64
		Release|x86 = Release|x86
	EndGlobalSection
	GlobalSection(ProjectConfigurationPlatforms) = postSolution
		{B441207A-FAB1-4C0B-A2FF-5DF1E36A5A65}.Debug|x64.ActiveCfg = Debug|x64
		{B441207A-FAB1-4C0B-A2FF-5DF1E36A5A65}.Debug|x64.Build.0 = Debug|x64
		{B441207A-FAB1-4C0B-A2FF-5DF1E36A5A65}.Debug|x86.ActiveCfg = Debug|Win32
		{B441207A-FAB1-4C0B-A2FF-5DF1E36A5A65}.Debug|x86.Build.0 = Debug|Win32
		{B441207A-FAB1-4C0B-A2FF-5DF1E36A5A65}.Release|x64.ActiveCfg = Release|x64
		{B441207A-FAB1-4C0B-A2FF-5DF1E36A5A65}.Release|x64.Build.0 = Release|x64
		{B441207A-FAB1-4C0B-A2FF-5DF1E36A5A65}.Release|x86.ActiveCfg = Release|Win32
		{B441207A-FAB1-4C0B-A2FF-5DF1E36A5A65}.Release|x86.Build.0 = Release|Win32
	EndGlobalSection
	GlobalSection(SolutionProperties) = preSolution
		HideSolutionNode = FALSE
	EndGlobalSection
	GlobalSection(ExtensibilityGlobals) = postSolution
		SolutionGuid = {941FFDFB-C257-4788-8BA4-8BC9CE43500A}
	EndGlobalSection
EndGlobal
